
Microsoft Visual Studio Solution File, Format Version 12.00
# Visual Studio Version 17
VisualStudioVersion = 17.6.33723.286
MinimumVisualStudioVersion = 10.0.40219.1
Project("{FAE04EC0-301F-11D3-BF4B-00C04F79EFBC}") = "MagicVilla_VillaAPI", "MagicVilla_VillaAPI\MagicVilla_VillaAPI.csproj", "{BA6D874A-E09F-41D5-B991-5FE2BC90F5C8}"
EndProject
Global
	GlobalSection(SolutionConfigurationPlatforms) = preSolution
		Debug|Any CPU = Debug|Any CPU
		Release|Any CPU = Release|Any CPU
	EndGlobalSection
	GlobalSection(ProjectConfigurationPlatforms) = postSolution
		{BA6D874A-E09F-41D5-B991-5FE2BC90F5C8}.Debug|Any CPU.ActiveCfg = Debug|Any CPU
		{BA6D874A-E09F-41D5-B991-5FE2BC90F5C8}.Debug|Any CPU.Build.0 = Debug|Any CPU
		{BA6D874A-E09F-41D5-B991-5FE2BC90F5C8}.Release|Any CPU.ActiveCfg = Release|Any CPU
		{BA6D874A-E09F-41D5-B991-5FE2BC90F5C8}.Release|Any CPU.Build.0 = Release|Any CPU
	EndGlobalSection
	GlobalSection(SolutionProperties) = preSolution
		HideSolutionNode = FALSE
	EndGlobalSection
	GlobalSection(ExtensibilityGlobals) = postSolution
		SolutionGuid = {A610F148-D2C2-4397-B29D-819BE7BC1EF9}
	EndGlobalSection
EndGlobal
